
Microsoft Visual Studio Solution File, Format Version 12.00
# Visual Studio Version 16
VisualStudioVersion = 16.0.30413.136
MinimumVisualStudioVersion = 10.0.40219.1
Project("{FAE04EC0-301F-11D3-BF4B-00C04F79EFBC}") = "Models", "Models\Models.csproj", "{BB9C63CA-5431-4503-B099-0D4275E448A8}"
EndProject
Project("{FAE04EC0-301F-11D3-BF4B-00C04F79EFBC}") = "DAL", "DAL\DAL.csproj", "{8033C1AB-E907-434F-BC5E-484249240B18}"
EndProject
Project("{FAE04EC0-301F-11D3-BF4B-00C04F79EFBC}") = "WebUI", "WebUI\WebUI.csproj", "{4765383E-7DA4-49DF-8DE2-47D997F8A162}"
EndProject
Project("{FAE04EC0-301F-11D3-BF4B-00C04F79EFBC}") = "GUI", "GUI\GUI.csproj", "{DC316FEF-821A-4BE6-9DB3-53B5F3826896}"
EndProject
Project("{2150E333-8FDC-42A3-9474-1A3956D46DE8}") = "1-apresentation", "1-apresentation", "{B18F2955-2E01-4594-8A47-C23C8F4FB5E4}"
EndProject
Project("{2150E333-8FDC-42A3-9474-1A3956D46DE8}") = "2-Infra", "2-Infra", "{7AAE1333-445D-41F2-A0D8-8A7B089364FB}"
EndProject
Project("{2150E333-8FDC-42A3-9474-1A3956D46DE8}") = "3-Implementações", "3-Implementações", "{7846F01E-772F-47DF-B40C-F0DFC8153DFD}"
EndProject
Global
	GlobalSection(SolutionConfigurationPlatforms) = preSolution
		Debug|Any CPU = Debug|Any CPU
		Release|Any CPU = Release|Any CPU
	EndGlobalSection
	GlobalSection(ProjectConfigurationPlatforms) = postSolution
		{BB9C63CA-5431-4503-B099-0D4275E448A8}.Debug|Any CPU.ActiveCfg = Debug|Any CPU
		{BB9C63CA-5431-4503-B099-0D4275E448A8}.Debug|Any CPU.Build.0 = Debug|Any CPU
		{BB9C63CA-5431-4503-B099-0D4275E448A8}.Release|Any CPU.ActiveCfg = Release|Any CPU
		{BB9C63CA-5431-4503-B099-0D4275E448A8}.Release|Any CPU.Build.0 = Release|Any CPU
		{8033C1AB-E907-434F-BC5E-484249240B18}.Debug|Any CPU.ActiveCfg = Debug|Any CPU
		{8033C1AB-E907-434F-BC5E-484249240B18}.Debug|Any CPU.Build.0 = Debug|Any CPU
		{8033C1AB-E907-434F-BC5E-484249240B18}.Release|Any CPU.ActiveCfg = Release|Any CPU
		{8033C1AB-E907-434F-BC5E-484249240B18}.Release|Any CPU.Build.0 = Release|Any CPU
		{4765383E-7DA4-49DF-8DE2-47D997F8A162}.Debug|Any CPU.ActiveCfg = Debug|Any CPU
		{4765383E-7DA4-49DF-8DE2-47D997F8A162}.Debug|Any CPU.Build.0 = Debug|Any CPU
		{4765383E-7DA4-49DF-8DE2-47D997F8A162}.Release|Any CPU.ActiveCfg = Release|Any CPU
		{4765383E-7DA4-49DF-8DE2-47D997F8A162}.Release|Any CPU.Build.0 = Release|Any CPU
		{DC316FEF-821A-4BE6-9DB3-53B5F3826896}.Debug|Any CPU.ActiveCfg = Debug|Any CPU
		{DC316FEF-821A-4BE6-9DB3-53B5F3826896}.Debug|Any CPU.Build.0 = Debug|Any CPU
		{DC316FEF-821A-4BE6-9DB3-53B5F3826896}.Release|Any CPU.ActiveCfg = Release|Any CPU
		{DC316FEF-821A-4BE6-9DB3-53B5F3826896}.Release|Any CPU.Build.0 = Release|Any CPU
	EndGlobalSection
	GlobalSection(SolutionProperties) = preSolution
		HideSolutionNode = FALSE
	EndGlobalSection
	GlobalSection(NestedProjects) = preSolution
		{BB9C63CA-5431-4503-B099-0D4275E448A8} = {7846F01E-772F-47DF-B40C-F0DFC8153DFD}
		{8033C1AB-E907-434F-BC5E-484249240B18} = {7AAE1333-445D-41F2-A0D8-8A7B089364FB}
		{4765383E-7DA4-49DF-8DE2-47D997F8A162} = {B18F2955-2E01-4594-8A47-C23C8F4FB5E4}
		{DC316FEF-821A-4BE6-9DB3-53B5F3826896} = {B18F2955-2E01-4594-8A47-C23C8F4FB5E4}
	EndGlobalSection
	GlobalSection(ExtensibilityGlobals) = postSolution
		SolutionGuid = {2FAD41EB-DB29-4CB6-86E0-5893C6F3B9B7}
	EndGlobalSection
EndGlobal
